
Microsoft Visual Studio Solution File, Format Version 12.00
# Visual Studio 14
VisualStudioVersion = 14.0.25420.1
MinimumVisualStudioVersion = 10.0.40219.1
Project("{FAE04EC0-301F-11D3-BF4B-00C04F79EFBC}") = "GoogleTranslate", "GoogleTranslate\GoogleTranslate.csproj", "{2D06C751-823A-438D-B475-8D7A6E58C7B3}"
EndProject
Project("{FAE04EC0-301F-11D3-BF4B-00C04F79EFBC}") = "GoogleTranslate.Tests", "GoogleTranslate.Tests\GoogleTranslate.Tests.csproj", "{3DB19885-DEB5-4C61-9072-400D9A366DE7}"
EndProject
Project("{FAE04EC0-301F-11D3-BF4B-00C04F79EFBC}") = "UICatel", "UICatel\UICatel.csproj", "{00129E28-6898-4F18-B5F5-9A92EDCCBD55}"
EndProject
Project("{FAE04EC0-301F-11D3-BF4B-00C04F79EFBC}") = "Blend.CustomControls", "Blend.CustomControls\Blend.CustomControls.csproj", "{B28A3ADB-5600-4595-B007-71560A1723B8}"
EndProject
Project("{FAE04EC0-301F-11D3-BF4B-00C04F79EFBC}") = "FTranslate.Core", "FTranslate.Core\FTranslate.Core.csproj", "{5018C778-118E-4DDE-A50E-F09AF8991AC8}"
EndProject
Project("{FAE04EC0-301F-11D3-BF4B-00C04F79EFBC}") = "UWPShell", "UWPShell\UWPShell.csproj", "{6CBF1A64-60AD-4440-B363-697C02CD5DAD}"
EndProject
Global
	GlobalSection(SolutionConfigurationPlatforms) = preSolution
		Debug|Any CPU = Debug|Any CPU
		Debug|ARM = Debug|ARM
		Debug|x64 = Debug|x64
		Debug|x86 = Debug|x86
		Release|Any CPU = Release|Any CPU
		Release|ARM = Release|ARM
		Release|x64 = Release|x64
		Release|x86 = Release|x86
	EndGlobalSection
	GlobalSection(ProjectConfigurationPlatforms) = postSolution
		{2D06C751-823A-438D-B475-8D7A6E58C7B3}.Debug|Any CPU.ActiveCfg = Debug|Any CPU
		{2D06C751-823A-438D-B475-8D7A6E58C7B3}.Debug|Any CPU.Build.0 = Debug|Any CPU
		{2D06C751-823A-438D-B475-8D7A6E58C7B3}.Debug|ARM.ActiveCfg = Debug|Any CPU
		{2D06C751-823A-438D-B475-8D7A6E58C7B3}.Debug|ARM.Build.0 = Debug|Any CPU
		{2D06C751-823A-438D-B475-8D7A6E58C7B3}.Debug|x64.ActiveCfg = Debug|Any CPU
		{2D06C751-823A-438D-B475-8D7A6E58C7B3}.Debug|x64.Build.0 = Debug|Any CPU
		{2D06C751-823A-438D-B475-8D7A6E58C7B3}.Debug|x86.ActiveCfg = Debug|Any CPU
		{2D06C751-823A-438D-B475-8D7A6E58C7B3}.Debug|x86.Build.0 = Debug|Any CPU
		{2D06C751-823A-438D-B475-8D7A6E58C7B3}.Release|Any CPU.ActiveCfg = Release|Any CPU
		{2D06C751-823A-438D-B475-8D7A6E58C7B3}.Release|Any CPU.Build.0 = Release|Any CPU
		{2D06C751-823A-438D-B475-8D7A6E58C7B3}.Release|ARM.ActiveCfg = Release|Any CPU
		{2D06C751-823A-438D-B475-8D7A6E58C7B3}.Release|ARM.Build.0 = Release|Any CPU
		{2D06C751-823A-438D-B475-8D7A6E58C7B3}.Release|x64.ActiveCfg = Release|Any CPU
		{2D06C751-823A-438D-B475-8D7A6E58C7B3}.Release|x64.Build.0 = Release|Any CPU
		{2D06C751-823A-438D-B475-8D7A6E58C7B3}.Release|x86.ActiveCfg = Release|Any CPU
		{2D06C751-823A-438D-B475-8D7A6E58C7B3}.Release|x86.Build.0 = Release|Any CPU
		{3DB19885-DEB5-4C61-9072-400D9A366DE7}.Debug|Any CPU.ActiveCfg = Debug|Any CPU
		{3DB19885-DEB5-4C61-9072-400D9A366DE7}.Debug|Any CPU.Build.0 = Debug|Any CPU
		{3DB19885-DEB5-4C61-9072-400D9A366DE7}.Debug|ARM.ActiveCfg = Debug|Any CPU
		{3DB19885-DEB5-4C61-9072-400D9A366DE7}.Debug|ARM.Build.0 = Debug|Any CPU
		{3DB19885-DEB5-4C61-9072-400D9A366DE7}.Debug|x64.ActiveCfg = Debug|Any CPU
		{3DB19885-DEB5-4C61-9072-400D9A366DE7}.Debug|x64.Build.0 = Debug|Any CPU
		{3DB19885-DEB5-4C61-9072-400D9A366DE7}.Debug|x86.ActiveCfg = Debug|Any CPU
		{3DB19885-DEB5-4C61-9072-400D9A366DE7}.Debug|x86.Build.0 = Debug|Any CPU
		{3DB19885-DEB5-4C61-9072-400D9A366DE7}.Release|Any CPU.ActiveCfg = Release|Any CPU
		{3DB19885-DEB5-4C61-9072-400D9A366DE7}.Release|Any CPU.Build.0 = Release|Any CPU
		{3DB19885-DEB5-4C61-9072-400D9A366DE7}.Release|ARM.ActiveCfg = Release|Any CPU
		{3DB19885-DEB5-4C61-9072-400D9A366DE7}.Release|ARM.Build.0 = Release|Any CPU
		{3DB19885-DEB5-4C61-9072-400D9A366DE7}.Release|x64.ActiveCfg = Release|Any CPU
		{3DB19885-DEB5-4C61-9072-400D9A366DE7}.Release|x64.Build.0 = Release|Any CPU
		{3DB19885-DEB5-4C61-9072-400D9A366DE7}.Release|x86.ActiveCfg = Release|Any CPU
		{3DB19885-DEB5-4C61-9072-400D9A366DE7}.Release|x86.Build.0 = Release|Any CPU
		{00129E28-6898-4F18-B5F5-9A92EDCCBD55}.Debug|Any CPU.ActiveCfg = Debug|Any CPU
		{00129E28-6898-4F18-B5F5-9A92EDCCBD55}.Debug|Any CPU.Build.0 = Debug|Any CPU
		{00129E28-6898-4F18-B5F5-9A92EDCCBD55}.Debug|ARM.ActiveCfg = Debug|Any CPU
		{00129E28-6898-4F18-B5F5-9A92EDCCBD55}.Debug|ARM.Build.0 = Debug|Any CPU
		{00129E28-6898-4F18-B5F5-9A92EDCCBD55}.Debug|x64.ActiveCfg = Debug|Any CPU
		{00129E28-6898-4F18-B5F5-9A92EDCCBD55}.Debug|x64.Build.0 = Debug|Any CPU
		{00129E28-6898-4F18-B5F5-9A92EDCCBD55}.Debug|x86.ActiveCfg = Debug|Any CPU
		{00129E28-6898-4F18-B5F5-9A92EDCCBD55}.Debug|x86.Build.0 = Debug|Any CPU
		{00129E28-6898-4F18-B5F5-9A92EDCCBD55}.Release|Any CPU.ActiveCfg = Release|Any CPU
		{00129E28-6898-4F18-B5F5-9A92EDCCBD55}.Release|Any CPU.Build.0 = Release|Any CPU
		{00129E28-6898-4F18-B5F5-9A92EDCCBD55}.Release|ARM.ActiveCfg = Release|Any CPU
		{00129E28-6898-4F18-B5F5-9A92EDCCBD55}.Release|ARM.Build.0 = Release|Any CPU
		{00129E28-6898-4F18-B5F5-9A92EDCCBD55}.Release|x64.ActiveCfg = Release|Any CPU
		{00129E28-6898-4F18-B5F5-9A92EDCCBD55}.Release|x64.Build.0 = Release|Any CPU
		{00129E28-6898-4F18-B5F5-9A92EDCCBD55}.Release|x86.ActiveCfg = Release|Any CPU
		{00129E28-6898-4F18-B5F5-9A92EDCCBD55}.Release|x86.Build.0 = Release|Any CPU
		{B28A3ADB-5600-4595-B007-71560A1723B8}.Debug|Any CPU.ActiveCfg = Debug|Any CPU
		{B28A3ADB-5600-4595-B007-71560A1723B8}.Debug|Any CPU.Build.0 = Debug|Any CPU
		{B28A3ADB-5600-4595-B007-71560A1723B8}.Debug|ARM.ActiveCfg = Debug|Any CPU
		{B28A3ADB-5600-4595-B007-71560A1723B8}.Debug|ARM.Build.0 = Debug|Any CPU
		{B28A3ADB-5600-4595-B007-71560A1723B8}.Debug|x64.ActiveCfg = Debug|Any CPU
		{B28A3ADB-5600-4595-B007-71560A1723B8}.Debug|x64.Build.0 = Debug|Any CPU
		{B28A3ADB-5600-4595-B007-71560A1723B8}.Debug|x86.ActiveCfg = Debug|Any CPU
		{B28A3ADB-5600-4595-B007-71560A1723B8}.Debug|x86.Build.0 = Debug|Any CPU
		{B28A3ADB-5600-4595-B007-71560A1723B8}.Release|Any CPU.ActiveCfg = Release|Any CPU
		{B28A3ADB-5600-4595-B007-71560A1723B8}.Release|Any CPU.Build.0 = Release|Any CPU
		{B28A3ADB-5600-4595-B007-71560A1723B8}.Release|ARM.ActiveCfg = Release|Any CPU
		{B28A3ADB-5600-4595-B007-71560A1723B8}.Release|ARM.Build.0 = Release|Any CPU
		{B28A3ADB-5600-4595-B007-71560A1723B8}.Release|x64.ActiveCfg = Release|Any CPU
		{B28A3ADB-5600-4595-B007-71560A1723B8}.Release|x64.Build.0 = Release|Any CPU
		{B28A3ADB-5600-4595-B007-71560A1723B8}.Release|x86.ActiveCfg = Release|Any CPU
		{B28A3ADB-5600-4595-B007-71560A1723B8}.Release|x86.Build.0 = Release|Any CPU
		{5018C778-118E-4DDE-A50E-F09AF8991AC8}.Debug|Any CPU.ActiveCfg = Debug|Any CPU
		{5018C778-118E-4DDE-A50E-F09AF8991AC8}.Debug|Any CPU.Build.0 = Debug|Any CPU
		{5018C778-118E-4DDE-A50E-F09AF8991AC8}.Debug|ARM.ActiveCfg = Debug|Any CPU
		{5018C778-118E-4DDE-A50E-F09AF8991AC8}.Debug|ARM.Build.0 = Debug|Any CPU
		{5018C778-118E-4DDE-A50E-F09AF8991AC8}.Debug|x64.ActiveCfg = Debug|Any CPU
		{5018C778-118E-4DDE-A50E-F09AF8991AC8}.Debug|x64.Build.0 = Debug|Any CPU
		{5018C778-118E-4DDE-A50E-F09AF8991AC8}.Debug|x86.ActiveCfg = Debug|Any CPU
		{5018C778-118E-4DDE-A50E-F09AF8991AC8}.Debug|x86.Build.0 = Debug|Any CPU
		{5018C778-118E-4DDE-A50E-F09AF8991AC8}.Release|Any CPU.ActiveCfg = Release|Any CPU
		{5018C778-118E-4DDE-A50E-F09AF8991AC8}.Release|Any CPU.Build.0 = Release|Any CPU
		{5018C778-118E-4DDE-A50E-F09AF8991AC8}.Release|ARM.ActiveCfg = Release|Any CPU
		{5018C778-118E-4DDE-A50E-F09AF8991AC8}.Release|ARM.Build.0 = Release|Any CPU
		{5018C778-118E-4DDE-A50E-F09AF8991AC8}.Release|x64.ActiveCfg = Release|Any CPU
		{5018C778-118E-4DDE-A50E-F09AF8991AC8}.Release|x64.Build.0 = Release|Any CPU
		{5018C778-118E-4DDE-A50E-F09AF8991AC8}.Release|x86.ActiveCfg = Release|Any CPU
		{5018C778-118E-4DDE-A50E-F09AF8991AC8}.Release|x86.Build.0 = Release|Any CPU
		{6CBF1A64-60AD-4440-B363-697C02CD5DAD}.Debug|Any CPU.ActiveCfg = Debug|x86
		{6CBF1A64-60AD-4440-B363-697C02CD5DAD}.Debug|ARM.ActiveCfg = Debug|ARM
		{6CBF1A64-60AD-4440-B363-697C02CD5DAD}.Debug|ARM.Build.0 = Debug|ARM
		{6CBF1A64-60AD-4440-B363-697C02CD5DAD}.Debug|ARM.Deploy.0 = Debug|ARM
		{6CBF1A64-60AD-4440-B363-697C02CD5DAD}.Debug|x64.ActiveCfg = Debug|x64
		{6CBF1A64-60AD-4440-B363-697C02CD5DAD}.Debug|x64.Build.0 = Debug|x64
		{6CBF1A64-60AD-4440-B363-697C02CD5DAD}.Debug|x64.Deploy.0 = Debug|x64
		{6CBF1A64-60AD-4440-B363-697C02CD5DAD}.Debug|x86.ActiveCfg = Debug|x86
		{6CBF1A64-60AD-4440-B363-697C02CD5DAD}.Debug|x86.Build.0 = Debug|x86
		{6CBF1A64-60AD-4440-B363-697C02CD5DAD}.Debug|x86.Deploy.0 = Debug|x86
		{6CBF1A64-60AD-4440-B363-697C02CD5DAD}.Release|Any CPU.ActiveCfg = Release|x86
		{6CBF1A64-60AD-4440-B363-697C02CD5DAD}.Release|ARM.ActiveCfg = Release|ARM
		{6CBF1A64-60AD-4440-B363-697C02CD5DAD}.Release|ARM.Build.0 = Release|ARM
		{6CBF1A64-60AD-4440-B363-697C02CD5DAD}.Release|ARM.Deploy.0 = Release|ARM
		{6CBF1A64-60AD-4440-B363-697C02CD5DAD}.Release|x64.ActiveCfg = Release|x64
		{6CBF1A64-60AD-4440-B363-697C02CD5DAD}.Release|x64.Build.0 = Release|x64
		{6CBF1A64-60AD-4440-B363-697C02CD5DAD}.Release|x64.Deploy.0 = Release|x64
		{6CBF1A64-60AD-4440-B363-697C02CD5DAD}.Release|x86.ActiveCfg = Release|x86
		{6CBF1A64-60AD-4440-B363-697C02CD5DAD}.Release|x86.Build.0 = Release|x86
		{6CBF1A64-60AD-4440-B363-697C02CD5DAD}.Release|x86.Deploy.0 = Release|x86
	EndGlobalSection
	GlobalSection(SolutionProperties) = preSolution
		HideSolutionNode = FALSE
	EndGlobalSection
EndGlobal
